{
  "requires": true,
  "lockfileVersion": 1,
  "dependencies": {
    "@grapecity/gcpdfviewer": {
      "version": "2.0.24",
      "resolved": "https://registry.npmjs.org/@grapecity/gcpdfviewer/-/gcpdfviewer-2.0.24.tgz",
      "integrity": "sha512-/gf+sAE2/gSk4+ZxO5XjNG+PL0su0ZKDCleexqqr1mOebDD6/1/U+h9HgUl284jzecPVNx7uhMCHp2tutQdfpQ=="
    }
  }
}
